
Microsoft Visual Studio Solution File, Format Version 12.00
# Visual Studio Version 17
VisualStudioVersion = 17.5.002.0
MinimumVisualStudioVersion = 10.0.40219.1
Project("{9A19103F-16F7-4668-BE54-9A1E7A4F7556}") = "LimsFrontEnd", "LimsFrontEnd.csproj", "{DAC4C092-C2F4-4783-B9B3-CFA5F543BFB7}"
EndProject
Global
	GlobalSection(SolutionConfigurationPlatforms) = preSolution
		Debug|Any CPU = Debug|Any CPU
		Release|Any CPU = Release|Any CPU
	EndGlobalSection
	GlobalSection(ProjectConfigurationPlatforms) = postSolution
		{DAC4C092-C2F4-4783-B9B3-CFA5F543BFB7}.Debug|Any CPU.ActiveCfg = Debug|Any CPU
		{DAC4C092-C2F4-4783-B9B3-CFA5F543BFB7}.Debug|Any CPU.Build.0 = Debug|Any CPU
		{DAC4C092-C2F4-4783-B9B3-CFA5F543BFB7}.Release|Any CPU.ActiveCfg = Release|Any CPU
		{DAC4C092-C2F4-4783-B9B3-CFA5F543BFB7}.Release|Any CPU.Build.0 = Release|Any CPU
	EndGlobalSection
	GlobalSection(SolutionProperties) = preSolution
		HideSolutionNode = FALSE
	EndGlobalSection
	GlobalSection(ExtensibilityGlobals) = postSolution
		SolutionGuid = {A87DF607-C212-455A-94BA-0594AC1F6D8E}
	EndGlobalSection
EndGlobal
